// !$*UTF8*$!
{
	archiveVersion = 1;
	classes = {
	};
	objectVersion = 48;
	objects = {

/* Begin PBXBuildFile section */
		10AA41A61FA6EAE0008EAD26 /* upload-sym-util.bash in Resources */ = {isa = PBXBuildFile; fileRef = 10AA41921FA6EADD008EAD26 /* upload-sym-util.bash */; };
		10AA41A71FA6EAE0008EAD26 /* FirebaseCoreDiagnostics.framework in Frameworks */ = {isa = PBXBuildFile; fileRef = 10AA41931FA6EADD008EAD26 /* FirebaseCoreDiagnostics.framework */; };
		10AA41A81FA6EAE0008EAD26 /* FirebaseNanoPB.framework in Frameworks */ = {isa = PBXBuildFile; fileRef = 10AA41941FA6EADD008EAD26 /* FirebaseNanoPB.framework */; };
		10AA41A91FA6EAE0008EAD26 /* batch-upload in Resources */ = {isa = PBXBuildFile; fileRef = 10AA41951FA6EADD008EAD26 /* batch-upload */; };
		10AA41AA1FA6EAE0008EAD26 /* FirebaseCrash.framework in Frameworks */ = {isa = PBXBuildFile; fileRef = 10AA41971FA6EADD008EAD26 /* FirebaseCrash.framework */; };
		10AA41AB1FA6EAE0008EAD26 /* FirebaseInstanceID.framework in Frameworks */ = {isa = PBXBuildFile; fileRef = 10AA41981FA6EADD008EAD26 /* FirebaseInstanceID.framework */; };
		10AA41AC1FA6EAE0008EAD26 /* GTMSessionFetcher.framework in Frameworks */ = {isa = PBXBuildFile; fileRef = 10AA41991FA6EADD008EAD26 /* GTMSessionFetcher.framework */; };
		10AA41AD1FA6EAE0008EAD26 /* FirebaseCore.framework in Frameworks */ = {isa = PBXBuildFile; fileRef = 10AA419B1FA6EADE008EAD26 /* FirebaseCore.framework */; };
		10AA41AE1FA6EAE0008EAD26 /* Protobuf.framework in Frameworks */ = {isa = PBXBuildFile; fileRef = 10AA419C1FA6EADE008EAD26 /* Protobuf.framework */; };
		10AA41AF1FA6EAE0008EAD26 /* nanopb.framework in Frameworks */ = {isa = PBXBuildFile; fileRef = 10AA419D1FA6EADE008EAD26 /* nanopb.framework */; };
		10AA41B01FA6EAE0008EAD26 /* README.md in Resources */ = {isa = PBXBuildFile; fileRef = 10AA419E1FA6EADE008EAD26 /* README.md */; };
		10AA41B11FA6EAE0008EAD26 /* upload-sym in Resources */ = {isa = PBXBuildFile; fileRef = 10AA419F1FA6EADE008EAD26 /* upload-sym */; };
		10AA41B21FA6EAE0008EAD26 /* upload-sym.sh in Resources */ = {isa = PBXBuildFile; fileRef = 10AA41A01FA6EADF008EAD26 /* upload-sym.sh */; };
		10AA41B31FA6EAE0008EAD26 /* GoogleToolboxForMac.framework in Frameworks */ = {isa = PBXBuildFile; fileRef = 10AA41A11FA6EADF008EAD26 /* GoogleToolboxForMac.framework */; };
		10AA41B41FA6EAE0008EAD26 /* dump_syms in Resources */ = {isa = PBXBuildFile; fileRef = 10AA41A21FA6EADF008EAD26 /* dump_syms */; };
		10AA41B51FA6EAE0008EAD26 /* FirebaseAnalytics.framework in Frameworks */ = {isa = PBXBuildFile; fileRef = 10AA41A31FA6EADF008EAD26 /* FirebaseAnalytics.framework */; };
		10AA41B61FA6EAE0008EAD26 /* FirebasePerformance.framework in Frameworks */ = {isa = PBXBuildFile; fileRef = 10AA41A41FA6EADF008EAD26 /* FirebasePerformance.framework */; };
		10AA41B71FA6EAE0008EAD26 /* extract-keys in Resources */ = {isa = PBXBuildFile; fileRef = 10AA41A51FA6EADF008EAD26 /* extract-keys */; };
		990AB40C1FA3D762000B9067 /* AppDelegate.swift in Sources */ = {isa = PBXBuildFile; fileRef = 990AB40B1FA3D762000B9067 /* AppDelegate.swift */; };
		990AB40E1FA3D762000B9067 /* ViewController.swift in Sources */ = {isa = PBXBuildFile; fileRef = 990AB40D1FA3D762000B9067 /* ViewController.swift */; };
		990AB4111FA3D762000B9067 /* Main.storyboard in Resources */ = {isa = PBXBuildFile; fileRef = 990AB40F1FA3D762000B9067 /* Main.storyboard */; };
		990AB4131FA3D762000B9067 /* Assets.xcassets in Resources */ = {isa = PBXBuildFile; fileRef = 990AB4121FA3D762000B9067 /* Assets.xcassets */; };
		990AB4161FA3D762000B9067 /* LaunchScreen.storyboard in Resources */ = {isa = PBXBuildFile; fileRef = 990AB4141FA3D762000B9067 /* LaunchScreen.storyboard */; };
		990AB4211FA3D762000B9067 /* TremorStatTests.swift in Sources */ = {isa = PBXBuildFile; fileRef = 990AB4201FA3D762000B9067 /* TremorStatTests.swift */; };
		990AB42C1FA3D762000B9067 /* TremorStatUITests.swift in Sources */ = {isa = PBXBuildFile; fileRef = 990AB42B1FA3D762000B9067 /* TremorStatUITests.swift */; };
		992BFE9D1FAD37110054EB33 /* ActionTremorTest.swift in Sources */ = {isa = PBXBuildFile; fileRef = 992BFE9C1FAD37110054EB33 /* ActionTremorTest.swift */; };
		9943E8F71FA52E2D003C202E /* PageViewController.swift in Sources */ = {isa = PBXBuildFile; fileRef = 9943E8F61FA52E2D003C202E /* PageViewController.swift */; };
		9943E8F91FA5465F003C202E /* GlobalViewController.swift in Sources */ = {isa = PBXBuildFile; fileRef = 9943E8F81FA5465E003C202E /* GlobalViewController.swift */; };
		9943E8FB1FA548A3003C202E /* RestTremorTest.swift in Sources */ = {isa = PBXBuildFile; fileRef = 9943E8FA1FA548A3003C202E /* RestTremorTest.swift */; };
		9943E8FD1FA55BA6003C202E /* TremorTestViewData.swift in Sources */ = {isa = PBXBuildFile; fileRef = 9943E8FC1FA55BA6003C202E /* TremorTestViewData.swift */; };
/* End PBXBuildFile section */

/* Begin PBXContainerItemProxy section */
		990AB41D1FA3D762000B9067 /* PBXContainerItemProxy */ = {
			isa = PBXContainerItemProxy;
			containerPortal = 990AB4001FA3D762000B9067 /* Project object */;
			proxyType = 1;
			remoteGlobalIDString = 990AB4071FA3D762000B9067;
			remoteInfo = TremorStat;
		};
		990AB4281FA3D762000B9067 /* PBXContainerItemProxy */ = {
			isa = PBXContainerItemProxy;
			containerPortal = 990AB4001FA3D762000B9067 /* Project object */;
			proxyType = 1;
			remoteGlobalIDString = 990AB4071FA3D762000B9067;
			remoteInfo = TremorStat;
		};
/* End PBXContainerItemProxy section */

/* Begin PBXFileReference section */
		10AA41921FA6EADD008EAD26 /* upload-sym-util.bash */ = {isa = PBXFileReference; fileEncoding = 4; lastKnownFileType = text; path = "upload-sym-util.bash"; sourceTree = "<group>"; };
		10AA41931FA6EADD008EAD26 /* FirebaseCoreDiagnostics.framework */ = {isa = PBXFileReference; lastKnownFileType = wrapper.framework; path = FirebaseCoreDiagnostics.framework; sourceTree = "<group>"; };
		10AA41941FA6EADD008EAD26 /* FirebaseNanoPB.framework */ = {isa = PBXFileReference; lastKnownFileType = wrapper.framework; path = FirebaseNanoPB.framework; sourceTree = "<group>"; };
		10AA41951FA6EADD008EAD26 /* batch-upload */ = {isa = PBXFileReference; fileEncoding = 4; lastKnownFileType = text.script.sh; path = "batch-upload"; sourceTree = "<group>"; };
		10AA41961FA6EADD008EAD26 /* Firebase.h */ = {isa = PBXFileReference; fileEncoding = 4; lastKnownFileType = sourcecode.c.h; path = Firebase.h; sourceTree = "<group>"; };
		10AA41971FA6EADD008EAD26 /* FirebaseCrash.framework */ = {isa = PBXFileReference; lastKnownFileType = wrapper.framework; path = FirebaseCrash.framework; sourceTree = "<group>"; };
		10AA41981FA6EADD008EAD26 /* FirebaseInstanceID.framework */ = {isa = PBXFileReference; lastKnownFileType = wrapper.framework; path = FirebaseInstanceID.framework; sourceTree = "<group>"; };
		10AA41991FA6EADD008EAD26 /* GTMSessionFetcher.framework */ = {isa = PBXFileReference; lastKnownFileType = wrapper.framework; path = GTMSessionFetcher.framework; sourceTree = "<group>"; };
		10AA419A1FA6EADE008EAD26 /* module.modulemap */ = {isa = PBXFileReference; fileEncoding = 4; lastKnownFileType = "sourcecode.module-map"; path = module.modulemap; sourceTree = "<group>"; };
		10AA419B1FA6EADE008EAD26 /* FirebaseCore.framework */ = {isa = PBXFileReference; lastKnownFileType = wrapper.framework; path = FirebaseCore.framework; sourceTree = "<group>"; };
		10AA419C1FA6EADE008EAD26 /* Protobuf.framework */ = {isa = PBXFileReference; lastKnownFileType = wrapper.framework; path = Protobuf.framework; sourceTree = "<group>"; };
		10AA419D1FA6EADE008EAD26 /* nanopb.framework */ = {isa = PBXFileReference; lastKnownFileType = wrapper.framework; path = nanopb.framework; sourceTree = "<group>"; };
		10AA419E1FA6EADE008EAD26 /* README.md */ = {isa = PBXFileReference; fileEncoding = 4; lastKnownFileType = net.daringfireball.markdown; path = README.md; sourceTree = "<group>"; };
		10AA419F1FA6EADE008EAD26 /* upload-sym */ = {isa = PBXFileReference; fileEncoding = 4; lastKnownFileType = text.script.sh; path = "upload-sym"; sourceTree = "<group>"; };
		10AA41A01FA6EADF008EAD26 /* upload-sym.sh */ = {isa = PBXFileReference; fileEncoding = 4; lastKnownFileType = text.script.sh; path = "upload-sym.sh"; sourceTree = "<group>"; };
		10AA41A11FA6EADF008EAD26 /* GoogleToolboxForMac.framework */ = {isa = PBXFileReference; lastKnownFileType = wrapper.framework; path = GoogleToolboxForMac.framework; sourceTree = "<group>"; };
		10AA41A21FA6EADF008EAD26 /* dump_syms */ = {isa = PBXFileReference; lastKnownFileType = "compiled.mach-o.executable"; path = dump_syms; sourceTree = "<group>"; };
		10AA41A31FA6EADF008EAD26 /* FirebaseAnalytics.framework */ = {isa = PBXFileReference; lastKnownFileType = wrapper.framework; path = FirebaseAnalytics.framework; sourceTree = "<group>"; };
		10AA41A41FA6EADF008EAD26 /* FirebasePerformance.framework */ = {isa = PBXFileReference; lastKnownFileType = wrapper.framework; path = FirebasePerformance.framework; sourceTree = "<group>"; };
		10AA41A51FA6EADF008EAD26 /* extract-keys */ = {isa = PBXFileReference; fileEncoding = 4; lastKnownFileType = text.script.sh; path = "extract-keys"; sourceTree = "<group>"; };
		990AB4081FA3D762000B9067 /* TremorStat.app */ = {isa = PBXFileReference; explicitFileType = wrapper.application; includeInIndex = 0; path = TremorStat.app; sourceTree = BUILT_PRODUCTS_DIR; };
		990AB40B1FA3D762000B9067 /* AppDelegate.swift */ = {isa = PBXFileReference; lastKnownFileType = sourcecode.swift; path = AppDelegate.swift; sourceTree = "<group>"; };
		990AB40D1FA3D762000B9067 /* ViewController.swift */ = {isa = PBXFileReference; lastKnownFileType = sourcecode.swift; path = ViewController.swift; sourceTree = "<group>"; };
		990AB4101FA3D762000B9067 /* Base */ = {isa = PBXFileReference; lastKnownFileType = file.storyboard; name = Base; path = Base.lproj/Main.storyboard; sourceTree = "<group>"; };
		990AB4121FA3D762000B9067 /* Assets.xcassets */ = {isa = PBXFileReference; lastKnownFileType = folder.assetcatalog; path = Assets.xcassets; sourceTree = "<group>"; };
		990AB4151FA3D762000B9067 /* Base */ = {isa = PBXFileReference; lastKnownFileType = file.storyboard; name = Base; path = Base.lproj/LaunchScreen.storyboard; sourceTree = "<group>"; };
		990AB4171FA3D762000B9067 /* Info.plist */ = {isa = PBXFileReference; lastKnownFileType = text.plist.xml; path = Info.plist; sourceTree = "<group>"; };
		990AB41C1FA3D762000B9067 /* TremorStatTests.xctest */ = {isa = PBXFileReference; explicitFileType = wrapper.cfbundle; includeInIndex = 0; path = TremorStatTests.xctest; sourceTree = BUILT_PRODUCTS_DIR; };
		990AB4201FA3D762000B9067 /* TremorStatTests.swift */ = {isa = PBXFileReference; lastKnownFileType = sourcecode.swift; path = TremorStatTests.swift; sourceTree = "<group>"; };
		990AB4221FA3D762000B9067 /* Info.plist */ = {isa = PBXFileReference; lastKnownFileType = text.plist.xml; path = Info.plist; sourceTree = "<group>"; };
		990AB4271FA3D762000B9067 /* TremorStatUITests.xctest */ = {isa = PBXFileReference; explicitFileType = wrapper.cfbundle; includeInIndex = 0; path = TremorStatUITests.xctest; sourceTree = BUILT_PRODUCTS_DIR; };
		990AB42B1FA3D762000B9067 /* TremorStatUITests.swift */ = {isa = PBXFileReference; lastKnownFileType = sourcecode.swift; path = TremorStatUITests.swift; sourceTree = "<group>"; };
		990AB42D1FA3D762000B9067 /* Info.plist */ = {isa = PBXFileReference; lastKnownFileType = text.plist.xml; path = Info.plist; sourceTree = "<group>"; };
		992BFE9C1FAD37110054EB33 /* ActionTremorTest.swift */ = {isa = PBXFileReference; lastKnownFileType = sourcecode.swift; path = ActionTremorTest.swift; sourceTree = "<group>"; };
		9943E8F61FA52E2D003C202E /* PageViewController.swift */ = {isa = PBXFileReference; lastKnownFileType = sourcecode.swift; path = PageViewController.swift; sourceTree = "<group>"; };
		9943E8F81FA5465E003C202E /* GlobalViewController.swift */ = {isa = PBXFileReference; lastKnownFileType = sourcecode.swift; path = GlobalViewController.swift; sourceTree = "<group>"; };
		9943E8FA1FA548A3003C202E /* RestTremorTest.swift */ = {isa = PBXFileReference; lastKnownFileType = sourcecode.swift; path = RestTremorTest.swift; sourceTree = "<group>"; };
		9943E8FC1FA55BA6003C202E /* TremorTestViewData.swift */ = {isa = PBXFileReference; lastKnownFileType = sourcecode.swift; path = TremorTestViewData.swift; sourceTree = "<group>"; };
/* End PBXFileReference section */

/* Begin PBXFrameworksBuildPhase section */
		990AB4051FA3D762000B9067 /* Frameworks */ = {
			isa = PBXFrameworksBuildPhase;
			buildActionMask = 2147483647;
			files = (
				10AA41B61FA6EAE0008EAD26 /* FirebasePerformance.framework in Frameworks */,
				10AA41B31FA6EAE0008EAD26 /* GoogleToolboxForMac.framework in Frameworks */,
				10AA41A71FA6EAE0008EAD26 /* FirebaseCoreDiagnostics.framework in Frameworks */,
				10AA41A81FA6EAE0008EAD26 /* FirebaseNanoPB.framework in Frameworks */,
				10AA41AF1FA6EAE0008EAD26 /* nanopb.framework in Frameworks */,
				10AA41B51FA6EAE0008EAD26 /* FirebaseAnalytics.framework in Frameworks */,
				10AA41AE1FA6EAE0008EAD26 /* Protobuf.framework in Frameworks */,
				10AA41AD1FA6EAE0008EAD26 /* FirebaseCore.framework in Frameworks */,
				10AA41AA1FA6EAE0008EAD26 /* FirebaseCrash.framework in Frameworks */,
				10AA41AB1FA6EAE0008EAD26 /* FirebaseInstanceID.framework in Frameworks */,
				10AA41AC1FA6EAE0008EAD26 /* GTMSessionFetcher.framework in Frameworks */,
			);
			runOnlyForDeploymentPostprocessing = 0;
		};
		990AB4191FA3D762000B9067 /* Frameworks */ = {
			isa = PBXFrameworksBuildPhase;
			buildActionMask = 2147483647;
			files = (
			);
			runOnlyForDeploymentPostprocessing = 0;
		};
		990AB4241FA3D762000B9067 /* Frameworks */ = {
			isa = PBXFrameworksBuildPhase;
			buildActionMask = 2147483647;
			files = (
			);
			runOnlyForDeploymentPostprocessing = 0;
		};
/* End PBXFrameworksBuildPhase section */

/* Begin PBXGroup section */
		10FD48661FA6D5B900C66E18 /* FireBase */ = {
			isa = PBXGroup;
			children = (
				10AA41951FA6EADD008EAD26 /* batch-upload */,
				10AA41A21FA6EADF008EAD26 /* dump_syms */,
				10AA41A51FA6EADF008EAD26 /* extract-keys */,
				10AA41961FA6EADD008EAD26 /* Firebase.h */,
				10AA41A31FA6EADF008EAD26 /* FirebaseAnalytics.framework */,
				10AA419B1FA6EADE008EAD26 /* FirebaseCore.framework */,
				10AA41931FA6EADD008EAD26 /* FirebaseCoreDiagnostics.framework */,
				10AA41971FA6EADD008EAD26 /* FirebaseCrash.framework */,
				10AA41981FA6EADD008EAD26 /* FirebaseInstanceID.framework */,
				10AA41941FA6EADD008EAD26 /* FirebaseNanoPB.framework */,
				10AA41A41FA6EADF008EAD26 /* FirebasePerformance.framework */,
				10AA41A11FA6EADF008EAD26 /* GoogleToolboxForMac.framework */,
				10AA41991FA6EADD008EAD26 /* GTMSessionFetcher.framework */,
				10AA419A1FA6EADE008EAD26 /* module.modulemap */,
				10AA419D1FA6EADE008EAD26 /* nanopb.framework */,
				10AA419C1FA6EADE008EAD26 /* Protobuf.framework */,
				10AA419E1FA6EADE008EAD26 /* README.md */,
				10AA419F1FA6EADE008EAD26 /* upload-sym */,
				10AA41921FA6EADD008EAD26 /* upload-sym-util.bash */,
				10AA41A01FA6EADF008EAD26 /* upload-sym.sh */,
			);
			path = FireBase;
			sourceTree = "<group>";
		};
		990AB3FF1FA3D762000B9067 = {
			isa = PBXGroup;
			children = (
				10FD48661FA6D5B900C66E18 /* FireBase */,
				9943E8F81FA5465E003C202E /* GlobalViewController.swift */,
				9943E8F61FA52E2D003C202E /* PageViewController.swift */,
				990AB40A1FA3D762000B9067 /* TremorStat */,
				990AB41F1FA3D762000B9067 /* TremorStatTests */,
				990AB42A1FA3D762000B9067 /* TremorStatUITests */,
				990AB4091FA3D762000B9067 /* Products */,
			);
			sourceTree = "<group>";
		};
		990AB4091FA3D762000B9067 /* Products */ = {
			isa = PBXGroup;
			children = (
				990AB4081FA3D762000B9067 /* TremorStat.app */,
				990AB41C1FA3D762000B9067 /* TremorStatTests.xctest */,
				990AB4271FA3D762000B9067 /* TremorStatUITests.xctest */,
			);
			name = Products;
			sourceTree = "<group>";
		};
		990AB40A1FA3D762000B9067 /* TremorStat */ = {
			isa = PBXGroup;
			children = (
				992BFE9C1FAD37110054EB33 /* ActionTremorTest.swift */,
				9943E8FC1FA55BA6003C202E /* TremorTestViewData.swift */,
				9943E8FA1FA548A3003C202E /* RestTremorTest.swift */,
				990AB40B1FA3D762000B9067 /* AppDelegate.swift */,
				990AB40D1FA3D762000B9067 /* ViewController.swift */,
				990AB40F1FA3D762000B9067 /* Main.storyboard */,
				990AB4121FA3D762000B9067 /* Assets.xcassets */,
				990AB4141FA3D762000B9067 /* LaunchScreen.storyboard */,
				990AB4171FA3D762000B9067 /* Info.plist */,
			);
			path = TremorStat;
			sourceTree = "<group>";
		};
		990AB41F1FA3D762000B9067 /* TremorStatTests */ = {
			isa = PBXGroup;
			children = (
				990AB4201FA3D762000B9067 /* TremorStatTests.swift */,
				990AB4221FA3D762000B9067 /* Info.plist */,
			);
			path = TremorStatTests;
			sourceTree = "<group>";
		};
		990AB42A1FA3D762000B9067 /* TremorStatUITests */ = {
			isa = PBXGroup;
			children = (
				990AB42B1FA3D762000B9067 /* TremorStatUITests.swift */,
				990AB42D1FA3D762000B9067 /* Info.plist */,
			);
			path = TremorStatUITests;
			sourceTree = "<group>";
		};
/* End PBXGroup section */

/* Begin PBXNativeTarget section */
		990AB4071FA3D762000B9067 /* TremorStat */ = {
			isa = PBXNativeTarget;
			buildConfigurationList = 990AB4301FA3D762000B9067 /* Build configuration list for PBXNativeTarget "TremorStat" */;
			buildPhases = (
				990AB4041FA3D762000B9067 /* Sources */,
				990AB4051FA3D762000B9067 /* Frameworks */,
				990AB4061FA3D762000B9067 /* Resources */,
			);
			buildRules = (
			);
			dependencies = (
			);
			name = TremorStat;
			productName = TremorStat;
			productReference = 990AB4081FA3D762000B9067 /* TremorStat.app */;
			productType = "com.apple.product-type.application";
		};
		990AB41B1FA3D762000B9067 /* TremorStatTests */ = {
			isa = PBXNativeTarget;
			buildConfigurationList = 990AB4331FA3D762000B9067 /* Build configuration list for PBXNativeTarget "TremorStatTests" */;
			buildPhases = (
				990AB4181FA3D762000B9067 /* Sources */,
				990AB4191FA3D762000B9067 /* Frameworks */,
				990AB41A1FA3D762000B9067 /* Resources */,
			);
			buildRules = (
			);
			dependencies = (
				990AB41E1FA3D762000B9067 /* PBXTargetDependency */,
			);
			name = TremorStatTests;
			productName = TremorStatTests;
			productReference = 990AB41C1FA3D762000B9067 /* TremorStatTests.xctest */;
			productType = "com.apple.product-type.bundle.unit-test";
		};
		990AB4261FA3D762000B9067 /* TremorStatUITests */ = {
			isa = PBXNativeTarget;
			buildConfigurationList = 990AB4361FA3D762000B9067 /* Build configuration list for PBXNativeTarget "TremorStatUITests" */;
			buildPhases = (
				990AB4231FA3D762000B9067 /* Sources */,
				990AB4241FA3D762000B9067 /* Frameworks */,
				990AB4251FA3D762000B9067 /* Resources */,
			);
			buildRules = (
			);
			dependencies = (
				990AB4291FA3D762000B9067 /* PBXTargetDependency */,
			);
			name = TremorStatUITests;
			productName = TremorStatUITests;
			productReference = 990AB4271FA3D762000B9067 /* TremorStatUITests.xctest */;
			productType = "com.apple.product-type.bundle.ui-testing";
		};
/* End PBXNativeTarget section */

/* Begin PBXProject section */
		990AB4001FA3D762000B9067 /* Project object */ = {
			isa = PBXProject;
			attributes = {
				LastSwiftUpdateCheck = 0900;
				LastUpgradeCheck = 0900;
				ORGANIZATIONNAME = "Best Software";
				TargetAttributes = {
					990AB4071FA3D762000B9067 = {
						CreatedOnToolsVersion = 9.0.1;
						ProvisioningStyle = Automatic;
					};
					990AB41B1FA3D762000B9067 = {
						CreatedOnToolsVersion = 9.0.1;
						ProvisioningStyle = Automatic;
						TestTargetID = 990AB4071FA3D762000B9067;
					};
					990AB4261FA3D762000B9067 = {
						CreatedOnToolsVersion = 9.0.1;
						ProvisioningStyle = Automatic;
						TestTargetID = 990AB4071FA3D762000B9067;
					};
				};
			};
			buildConfigurationList = 990AB4031FA3D762000B9067 /* Build configuration list for PBXProject "TremorStat" */;
			compatibilityVersion = "Xcode 8.0";
			developmentRegion = en;
			hasScannedForEncodings = 0;
			knownRegions = (
				en,
				Base,
			);
			mainGroup = 990AB3FF1FA3D762000B9067;
			productRefGroup = 990AB4091FA3D762000B9067 /* Products */;
			projectDirPath = "";
			projectRoot = "";
			targets = (
				990AB4071FA3D762000B9067 /* TremorStat */,
				990AB41B1FA3D762000B9067 /* TremorStatTests */,
				990AB4261FA3D762000B9067 /* TremorStatUITests */,
			);
		};
/* End PBXProject section */

/* Begin PBXResourcesBuildPhase section */
		990AB4061FA3D762000B9067 /* Resources */ = {
			isa = PBXResourcesBuildPhase;
			buildActionMask = 2147483647;
			files = (
				10AA41B11FA6EAE0008EAD26 /* upload-sym in Resources */,
				10AA41B21FA6EAE0008EAD26 /* upload-sym.sh in Resources */,
				10AA41B71FA6EAE0008EAD26 /* extract-keys in Resources */,
				10AA41B01FA6EAE0008EAD26 /* README.md in Resources */,
				990AB4161FA3D762000B9067 /* LaunchScreen.storyboard in Resources */,
				990AB4131FA3D762000B9067 /* Assets.xcassets in Resources */,
				10AA41A61FA6EAE0008EAD26 /* upload-sym-util.bash in Resources */,
				10AA41A91FA6EAE0008EAD26 /* batch-upload in Resources */,
				10AA41B41FA6EAE0008EAD26 /* dump_syms in Resources */,
				990AB4111FA3D762000B9067 /* Main.storyboard in Resources */,
			);
			runOnlyForDeploymentPostprocessing = 0;
		};
		990AB41A1FA3D762000B9067 /* Resources */ = {
			isa = PBXResourcesBuildPhase;
			buildActionMask = 2147483647;
			files = (
			);
			runOnlyForDeploymentPostprocessing = 0;
		};
		990AB4251FA3D762000B9067 /* Resources */ = {
			isa = PBXResourcesBuildPhase;
			buildActionMask = 2147483647;
			files = (
			);
			runOnlyForDeploymentPostprocessing = 0;
		};
/* End PBXResourcesBuildPhase section */

/* Begin PBXSourcesBuildPhase section */
		990AB4041FA3D762000B9067 /* Sources */ = {
			isa = PBXSourcesBuildPhase;
			buildActionMask = 2147483647;
			files = (
				992BFE9D1FAD37110054EB33 /* ActionTremorTest.swift in Sources */,
				9943E8FB1FA548A3003C202E /* RestTremorTest.swift in Sources */,
				9943E8FD1FA55BA6003C202E /* TremorTestViewData.swift in Sources */,
				9943E8F71FA52E2D003C202E /* PageViewController.swift in Sources */,
				9943E8F91FA5465F003C202E /* GlobalViewController.swift in Sources */,
				990AB40E1FA3D762000B9067 /* ViewController.swift in Sources */,
				990AB40C1FA3D762000B9067 /* AppDelegate.swift in Sources */,
			);
			runOnlyForDeploymentPostprocessing = 0;
		};
		990AB4181FA3D762000B9067 /* Sources */ = {
			isa = PBXSourcesBuildPhase;
			buildActionMask = 2147483647;
			files = (
				990AB4211FA3D762000B9067 /* TremorStatTests.swift in Sources */,
			);
			runOnlyForDeploymentPostprocessing = 0;
		};
		990AB4231FA3D762000B9067 /* Sources */ = {
			isa = PBXSourcesBuildPhase;
			buildActionMask = 2147483647;
			files = (
				990AB42C1FA3D762000B9067 /* TremorStatUITests.swift in Sources */,
			);
			runOnlyForDeploymentPostprocessing = 0;
		};
/* End PBXSourcesBuildPhase section */

/* Begin PBXTargetDependency section */
		990AB41E1FA3D762000B9067 /* PBXTargetDependency */ = {
			isa = PBXTargetDependency;
			target = 990AB4071FA3D762000B9067 /* TremorStat */;
			targetProxy = 990AB41D1FA3D762000B9067 /* PBXContainerItemProxy */;
		};
		990AB4291FA3D762000B9067 /* PBXTargetDependency */ = {
			isa = PBXTargetDependency;
			target = 990AB4071FA3D762000B9067 /* TremorStat */;
			targetProxy = 990AB4281FA3D762000B9067 /* PBXContainerItemProxy */;
		};
/* End PBXTargetDependency section */

/* Begin PBXVariantGroup section */
		990AB40F1FA3D762000B9067 /* Main.storyboard */ = {
			isa = PBXVariantGroup;
			children = (
				990AB4101FA3D762000B9067 /* Base */,
			);
			name = Main.storyboard;
			sourceTree = "<group>";
		};
		990AB4141FA3D762000B9067 /* LaunchScreen.storyboard */ = {
			isa = PBXVariantGroup;
			children = (
				990AB4151FA3D762000B9067 /* Base */,
			);
			name = LaunchScreen.storyboard;
			sourceTree = "<group>";
		};
/* End PBXVariantGroup section */

/* Begin XCBuildConfiguration section */
		990AB42E1FA3D762000B9067 /* Debug */ = {
			isa = XCBuildConfiguration;
			buildSettings = {
				ALWAYS_SEARCH_USER_PATHS = NO;
				CLANG_ANALYZER_NONNULL = YES;
				CLANG_ANALYZER_NUMBER_OBJECT_CONVERSION = YES_AGGRESSIVE;
				CLANG_CXX_LANGUAGE_STANDARD = "gnu++14";
				CLANG_CXX_LIBRARY = "libc++";
				CLANG_ENABLE_MODULES = YES;
				CLANG_ENABLE_OBJC_ARC = YES;
				CLANG_WARN_BLOCK_CAPTURE_AUTORELEASING = YES;
				CLANG_WARN_BOOL_CONVERSION = YES;
				CLANG_WARN_COMMA = YES;
				CLANG_WARN_CONSTANT_CONVERSION = YES;
				CLANG_WARN_DIRECT_OBJC_ISA_USAGE = YES_ERROR;
				CLANG_WARN_DOCUMENTATION_COMMENTS = YES;
				CLANG_WARN_EMPTY_BODY = YES;
				CLANG_WARN_ENUM_CONVERSION = YES;
				CLANG_WARN_INFINITE_RECURSION = YES;
				CLANG_WARN_INT_CONVERSION = YES;
				CLANG_WARN_NON_LITERAL_NULL_CONVERSION = YES;
				CLANG_WARN_OBJC_LITERAL_CONVERSION = YES;
				CLANG_WARN_OBJC_ROOT_CLASS = YES_ERROR;
				CLANG_WARN_RANGE_LOOP_ANALYSIS = YES;
				CLANG_WARN_STRICT_PROTOTYPES = YES;
				CLANG_WARN_SUSPICIOUS_MOVE = YES;
				CLANG_WARN_UNGUARDED_AVAILABILITY = YES_AGGRESSIVE;
				CLANG_WARN_UNREACHABLE_CODE = YES;
				CLANG_WARN__DUPLICATE_METHOD_MATCH = YES;
				CODE_SIGN_IDENTITY = "iPhone Developer";
				COPY_PHASE_STRIP = NO;
				DEBUG_INFORMATION_FORMAT = dwarf;
				ENABLE_STRICT_OBJC_MSGSEND = YES;
				ENABLE_TESTABILITY = YES;
				GCC_C_LANGUAGE_STANDARD = gnu11;
				GCC_DYNAMIC_NO_PIC = NO;
				GCC_NO_COMMON_BLOCKS = YES;
				GCC_OPTIMIZATION_LEVEL = 0;
				GCC_PREPROCESSOR_DEFINITIONS = (
					"DEBUG=1",
					"$(inherited)",
				);
				GCC_WARN_64_TO_32_BIT_CONVERSION = YES;
				GCC_WARN_ABOUT_RETURN_TYPE = YES_ERROR;
				GCC_WARN_UNDECLARED_SELECTOR = YES;
				GCC_WARN_UNINITIALIZED_AUTOS = YES_AGGRESSIVE;
				GCC_WARN_UNUSED_FUNCTION = YES;
				GCC_WARN_UNUSED_VARIABLE = YES;
				IPHONEOS_DEPLOYMENT_TARGET = 11.0;
				MTL_ENABLE_DEBUG_INFO = YES;
				ONLY_ACTIVE_ARCH = YES;
				SDKROOT = iphoneos;
				SWIFT_ACTIVE_COMPILATION_CONDITIONS = DEBUG;
				SWIFT_OPTIMIZATION_LEVEL = "-Onone";
			};
			name = Debug;
		};
		990AB42F1FA3D762000B9067 /* Release */ = {
			isa = XCBuildConfiguration;
			buildSettings = {
				ALWAYS_SEARCH_USER_PATHS = NO;
				CLANG_ANALYZER_NONNULL = YES;
				CLANG_ANALYZER_NUMBER_OBJECT_CONVERSION = YES_AGGRESSIVE;
				CLANG_CXX_LANGUAGE_STANDARD = "gnu++14";
				CLANG_CXX_LIBRARY = "libc++";
				CLANG_ENABLE_MODULES = YES;
				CLANG_ENABLE_OBJC_ARC = YES;
				CLANG_WARN_BLOCK_CAPTURE_AUTORELEASING = YES;
				CLANG_WARN_BOOL_CONVERSION = YES;
				CLANG_WARN_COMMA = YES;
				CLANG_WARN_CONSTANT_CONVERSION = YES;
				CLANG_WARN_DIRECT_OBJC_ISA_USAGE = YES_ERROR;
				CLANG_WARN_DOCUMENTATION_COMMENTS = YES;
				CLANG_WARN_EMPTY_BODY = YES;
				CLANG_WARN_ENUM_CONVERSION = YES;
				CLANG_WARN_INFINITE_RECURSION = YES;
				CLANG_WARN_INT_CONVERSION = YES;
				CLANG_WARN_NON_LITERAL_NULL_CONVERSION = YES;
				CLANG_WARN_OBJC_LITERAL_CONVERSION = YES;
				CLANG_WARN_OBJC_ROOT_CLASS = YES_ERROR;
				CLANG_WARN_RANGE_LOOP_ANALYSIS = YES;
				CLANG_WARN_STRICT_PROTOTYPES = YES;
				CLANG_WARN_SUSPICIOUS_MOVE = YES;
				CLANG_WARN_UNGUARDED_AVAILABILITY = YES_AGGRESSIVE;
				CLANG_WARN_UNREACHABLE_CODE = YES;
				CLANG_WARN__DUPLICATE_METHOD_MATCH = YES;
				CODE_SIGN_IDENTITY = "iPhone Developer";
				COPY_PHASE_STRIP = NO;
				DEBUG_INFORMATION_FORMAT = "dwarf-with-dsym";
				ENABLE_NS_ASSERTIONS = NO;
				ENABLE_STRICT_OBJC_MSGSEND = YES;
				GCC_C_LANGUAGE_STANDARD = gnu11;
				GCC_NO_COMMON_BLOCKS = YES;
				GCC_WARN_64_TO_32_BIT_CONVERSION = YES;
				GCC_WARN_ABOUT_RETURN_TYPE = YES_ERROR;
				GCC_WARN_UNDECLARED_SELECTOR = YES;
				GCC_WARN_UNINITIALIZED_AUTOS = YES_AGGRESSIVE;
				GCC_WARN_UNUSED_FUNCTION = YES;
				GCC_WARN_UNUSED_VARIABLE = YES;
				IPHONEOS_DEPLOYMENT_TARGET = 11.0;
				MTL_ENABLE_DEBUG_INFO = NO;
				SDKROOT = iphoneos;
				SWIFT_OPTIMIZATION_LEVEL = "-Owholemodule";
				VALIDATE_PRODUCT = YES;
			};
			name = Release;
		};
		990AB4311FA3D762000B9067 /* Debug */ = {
			isa = XCBuildConfiguration;
			buildSettings = {
				ALWAYS_SEARCH_USER_PATHS = YES;
				ASSETCATALOG_COMPILER_APPICON_NAME = AppIcon;
				CODE_SIGN_STYLE = Automatic;
				DEVELOPMENT_TEAM = DUV5LZ574A;
				FRAMEWORK_SEARCH_PATHS = (
					"$(inherited)",
					"$(PROJECT_DIR)",
					"$(PROJECT_DIR)/FireBase",
				);
				INFOPLIST_FILE = TremorStat/Info.plist;
				IPHONEOS_DEPLOYMENT_TARGET = 10.3;
				LD_RUNPATH_SEARCH_PATHS = "$(inherited) @executable_path/Frameworks";
				PRODUCT_BUNDLE_IDENTIFIER = "Best-Software.TremorStat";
				PRODUCT_NAME = "$(TARGET_NAME)";
				SWIFT_VERSION = 4.0;
				TARGETED_DEVICE_FAMILY = "1,2";
				"USER_HEADER_SEARCH_PATHS[arch=*]" = "\"$PROJECT_DIR\"";
			};
			name = Debug;
		};
		990AB4321FA3D762000B9067 /* Release */ = {
			isa = XCBuildConfiguration;
			buildSettings = {
				ALWAYS_SEARCH_USER_PATHS = YES;
				ASSETCATALOG_COMPILER_APPICON_NAME = AppIcon;
				CODE_SIGN_STYLE = Automatic;
				DEVELOPMENT_TEAM = DUV5LZ574A;
				FRAMEWORK_SEARCH_PATHS = (
					"$(inherited)",
					"$(PROJECT_DIR)",
					"$(PROJECT_DIR)/FireBase",
				);
				INFOPLIST_FILE = TremorStat/Info.plist;
				IPHONEOS_DEPLOYMENT_TARGET = 10.3;
				LD_RUNPATH_SEARCH_PATHS = "$(inherited) @executable_path/Frameworks";
				PRODUCT_BUNDLE_IDENTIFIER = "Best-Software.TremorStat";
				PRODUCT_NAME = "$(TARGET_NAME)";
				SWIFT_VERSION = 4.0;
				TARGETED_DEVICE_FAMILY = "1,2";
				"USER_HEADER_SEARCH_PATHS[arch=*]" = "\"$PROJECT_DIR\"";
			};
			name = Release;
		};
		990AB4341FA3D762000B9067 /* Debug */ = {
			isa = XCBuildConfiguration;
			buildSettings = {
				ALWAYS_EMBED_SWIFT_STANDARD_LIBRARIES = YES;
				BUNDLE_LOADER = "$(TEST_HOST)";
				CODE_SIGN_STYLE = Automatic;
				INFOPLIST_FILE = TremorStatTests/Info.plist;
				LD_RUNPATH_SEARCH_PATHS = "$(inherited) @executable_path/Frameworks @loader_path/Frameworks";
				PRODUCT_BUNDLE_IDENTIFIER = "Best-Software.TremorStatTests";
				PRODUCT_NAME = "$(TARGET_NAME)";
				SWIFT_VERSION = 4.0;
				TARGETED_DEVICE_FAMILY = "1,2";
				TEST_HOST = "$(BUILT_PRODUCTS_DIR)/TremorStat.app/TremorStat";
			};
			name = Debug;
		};
		990AB4351FA3D762000B9067 /* Release */ = {
			isa = XCBuildConfiguration;
			buildSettings = {
				ALWAYS_EMBED_SWIFT_STANDARD_LIBRARIES = YES;
				BUNDLE_LOADER = "$(TEST_HOST)";
				CODE_SIGN_STYLE = Automatic;
				INFOPLIST_FILE = TremorStatTests/Info.plist;
				LD_RUNPATH_SEARCH_PATHS = "$(inherited) @executable_path/Frameworks @loader_path/Frameworks";
				PRODUCT_BUNDLE_IDENTIFIER = "Best-Software.TremorStatTests";
				PRODUCT_NAME = "$(TARGET_NAME)";
				SWIFT_VERSION = 4.0;
				TARGETED_DEVICE_FAMILY = "1,2";
				TEST_HOST = "$(BUILT_PRODUCTS_DIR)/TremorStat.app/TremorStat";
			};
			name = Release;
		};
		990AB4371FA3D762000B9067 /* Debug */ = {
			isa = XCBuildConfiguration;
			buildSettings = {
				ALWAYS_EMBED_SWIFT_STANDARD_LIBRARIES = YES;
				CODE_SIGN_STYLE = Automatic;
				INFOPLIST_FILE = TremorStatUITests/Info.plist;
				LD_RUNPATH_SEARCH_PATHS = "$(inherited) @executable_path/Frameworks @loader_path/Frameworks";
				PRODUCT_BUNDLE_IDENTIFIER = "Best-Software.TremorStatUITests";
				PRODUCT_NAME = "$(TARGET_NAME)";
				SWIFT_VERSION = 4.0;
				TARGETED_DEVICE_FAMILY = "1,2";
				TEST_TARGET_NAME = TremorStat;
			};
			name = Debug;
		};
		990AB4381FA3D762000B9067 /* Release */ = {
			isa = XCBuildConfiguration;
			buildSettings = {
				ALWAYS_EMBED_SWIFT_STANDARD_LIBRARIES = YES;
				CODE_SIGN_STYLE = Automatic;
				INFOPLIST_FILE = TremorStatUITests/Info.plist;
				LD_RUNPATH_SEARCH_PATHS = "$(inherited) @executable_path/Frameworks @loader_path/Frameworks";
				PRODUCT_BUNDLE_IDENTIFIER = "Best-Software.TremorStatUITests";
				PRODUCT_NAME = "$(TARGET_NAME)";
				SWIFT_VERSION = 4.0;
				TARGETED_DEVICE_FAMILY = "1,2";
				TEST_TARGET_NAME = TremorStat;
			};
			name = Release;
		};
/* End XCBuildConfiguration section */

/* Begin XCConfigurationList section */
		990AB4031FA3D762000B9067 /* Build configuration list for PBXProject "TremorStat" */ = {
			isa = XCConfigurationList;
			buildConfigurations = (
				990AB42E1FA3D762000B9067 /* Debug */,
				990AB42F1FA3D762000B9067 /* Release */,
			);
			defaultConfigurationIsVisible = 0;
			defaultConfigurationName = Release;
		};
		990AB4301FA3D762000B9067 /* Build configuration list for PBXNativeTarget "TremorStat" */ = {
			isa = XCConfigurationList;
			buildConfigurations = (
				990AB4311FA3D762000B9067 /* Debug */,
				990AB4321FA3D762000B9067 /* Release */,
			);
			defaultConfigurationIsVisible = 0;
			defaultConfigurationName = Release;
		};
		990AB4331FA3D762000B9067 /* Build configuration list for PBXNativeTarget "TremorStatTests" */ = {
			isa = XCConfigurationList;
			buildConfigurations = (
				990AB4341FA3D762000B9067 /* Debug */,
				990AB4351FA3D762000B9067 /* Release */,
			);
			defaultConfigurationIsVisible = 0;
			defaultConfigurationName = Release;
		};
		990AB4361FA3D762000B9067 /* Build configuration list for PBXNativeTarget "TremorStatUITests" */ = {
			isa = XCConfigurationList;
			buildConfigurations = (
				990AB4371FA3D762000B9067 /* Debug */,
				990AB4381FA3D762000B9067 /* Release */,
			);
			defaultConfigurationIsVisible = 0;
			defaultConfigurationName = Release;
		};
/* End XCConfigurationList section */
	};
	rootObject = 990AB4001FA3D762000B9067 /* Project object */;
}
